{
  "version": 4,
  "terraform_version": "1.14.6",
  "serial": 26,
  "lineage": "34e4a6bf-309d-c842-b458-63c0c1e2e77e",
  "outputs": {
    "api_image_path": {
      "value": "us-west1-docker.pkg.dev/banking-system-prod/banking-repo/banking-api:latest",
      "type": "string"
    },
    "cloud_sql_connection": {
      "value": "banking-system-prod:us-west1:banking-mysql",
      "type": "string"
    },
    "vm_ip": {
      "value": "34.182.100.228",
      "type": "string"
    }
  },
  "resources": [
    {
      "module": "module.bigquery",
      "mode": "managed",
      "type": "google_bigquery_dataset",
      "name": "banking_analytics",
      "provider": "provider[\"registry.terraform.io/hashicorp/google\"]",
      "instances": [
        {
          "schema_version": 0,
          "attributes": {
            "access": [
              {
                "dataset": [],
                "domain": "",
                "group_by_email": "",
                "iam_member": "",
                "role": "OWNER",
                "routine": [],
                "special_group": "",
                "user_by_email": "rameshkr423@gmail.com",
                "view": []
              },
              {
                "dataset": [],
                "domain": "",
                "group_by_email": "",
                "iam_member": "",
                "role": "OWNER",
                "routine": [],
                "special_group": "projectOwners",
                "user_by_email": "",
                "view": []
              },
              {
                "dataset": [],
                "domain": "",
                "group_by_email": "",
                "iam_member": "",
                "role": "READER",
                "routine": [],
                "special_group": "projectReaders",
                "user_by_email": "",
                "view": []
              },
              {
                "dataset": [],
                "domain": "",
                "group_by_email": "",
                "iam_member": "",
                "role": "WRITER",
                "routine": [],
                "special_group": "projectWriters",
                "user_by_email": "",
                "view": []
              }
            ],
            "creation_time": 1773277271242,
            "dataset_id": "banking_analytics",
            "default_collation": "",
            "default_encryption_configuration": [],
            "default_partition_expiration_ms": 0,
            "default_table_expiration_ms": 0,
            "delete_contents_on_destroy": false,
            "description": "",
            "effective_labels": {},
            "etag": "+twgWBMRNcZq3btq4tNhJw==",
            "external_dataset_reference": [],
            "friendly_name": "Banking Analytics",
            "id": "projects/banking-system-prod/datasets/banking_analytics",
            "is_case_insensitive": false,
            "labels": {},
            "last_modified_time": 1773277271242,
            "location": "us-west1",
            "max_time_travel_hours": "168",
            "project": "banking-system-prod",
            "resource_tags": {},
            "self_link": "https://bigquery.googleapis.com/bigquery/v2/projects/banking-system-prod/datasets/banking_analytics",
            "storage_billing_model": "",
            "terraform_labels": {},
            "timeouts": null
          },
          "sensitive_attributes": [],
          "identity_schema_version": 0,
          "private": "eyJlMmJmYjczMC1lY2FhLTExZTYtOGY4OC0zNDM2M2JjN2M0YzAiOnsiY3JlYXRlIjoxMjAwMDAwMDAwMDAwLCJkZWxldGUiOjEyMDAwMDAwMDAwMDAsInVwZGF0ZSI6MTIwMDAwMDAwMDAwMH19"
        }
      ]
    },
    {
      "module": "module.bigquery",
      "mode": "managed",
      "type": "google_bigquery_table",
      "name": "ledger_analytics",
      "provider": "provider[\"registry.terraform.io/hashicorp/google\"]",
      "instances": [
        {
          "schema_version": 0,
          "attributes": {
            "allow_resource_tags_on_deletion": false,
            "clustering": null,
            "creation_time": 1773277272503,
            "dataset_id": "banking_analytics",
            "deletion_protection": false,
            "description": "",
            "effective_labels": {},
            "encryption_configuration": [],
            "etag": "xzGD7LiEZfsxKt8R6dJL5Q==",
            "expiration_time": 0,
            "external_data_configuration": [],
            "friendly_name": "",
            "id": "projects/banking-system-prod/datasets/banking_analytics/tables/ledger_analytics",
            "labels": {},
            "last_modified_time": 1773277272633,
            "location": "us-west1",
            "materialized_view": [],
            "max_staleness": "",
            "num_bytes": 0,
            "num_long_term_bytes": 0,
            "num_rows": 0,
            "project": "banking-system-prod",
            "range_partitioning": [],
            "require_partition_filter": false,
            "resource_tags": {},
            "schema": "[{\"mode\":\"REQUIRED\",\"name\":\"ledger_id\",\"type\":\"INTEGER\"},{\"mode\":\"REQUIRED\",\"name\":\"transaction_id\",\"type\":\"INTEGER\"},{\"mode\":\"REQUIRED\",\"name\":\"account_id\",\"type\":\"INTEGER\"},{\"mode\":\"REQUIRED\",\"name\":\"entry_type\",\"type\":\"STRING\"},{\"mode\":\"REQUIRED\",\"name\":\"amount\",\"type\":\"NUMERIC\"},{\"mode\":\"NULLABLE\",\"name\":\"running_balance\",\"type\":\"NUMERIC\"},{\"mode\":\"REQUIRED\",\"name\":\"created_at\",\"type\":\"TIMESTAMP\"}]",
            "self_link": "https://bigquery.googleapis.com/bigquery/v2/projects/banking-system-prod/datasets/banking_analytics/tables/ledger_analytics",
            "table_constraints": [],
            "table_id": "ledger_analytics",
            "table_replication_info": [],
            "terraform_labels": {},
            "time_partitioning": [
              {
                "expiration_ms": 0,
                "field": "created_at",
                "require_partition_filter": false,
                "type": "DAY"
              }
            ],
            "type": "TABLE",
            "view": []
          },
          "sensitive_attributes": [],
          "identity_schema_version": 0,
          "private": "bnVsbA==",
          "dependencies": [
            "module.bigquery.google_bigquery_dataset.banking_analytics"
          ]
        }
      ]
    },
    {
      "module": "module.bigquery",
      "mode": "managed",
      "type": "google_bigquery_table",
      "name": "transactions_stream",
      "provider": "provider[\"registry.terraform.io/hashicorp/google\"]",
      "instances": [
        {
          "schema_version": 0,
          "attributes": {
            "allow_resource_tags_on_deletion": false,
            "clustering": null,
            "creation_time": 1773277272578,
            "dataset_id": "banking_analytics",
            "deletion_protection": false,
            "description": "",
            "effective_labels": {},
            "encryption_configuration": [],
            "etag": "k+nS/1TSw46/2U8bwh3G3A==",
            "expiration_time": 0,
            "external_data_configuration": [],
            "friendly_name": "",
            "id": "projects/banking-system-prod/datasets/banking_analytics/tables/transactions_stream",
            "labels": {},
            "last_modified_time": 1773277272635,
            "location": "us-west1",
            "materialized_view": [],
            "max_staleness": "",
            "num_bytes": 0,
            "num_long_term_bytes": 0,
            "num_rows": 0,
            "project": "banking-system-prod",
            "range_partitioning": [],
            "require_partition_filter": false,
            "resource_tags": {},
            "schema": "[{\"mode\":\"REQUIRED\",\"name\":\"transaction_id\",\"type\":\"INTEGER\"},{\"mode\":\"REQUIRED\",\"name\":\"reference_id\",\"type\":\"STRING\"},{\"mode\":\"NULLABLE\",\"name\":\"from_account_id\",\"type\":\"INTEGER\"},{\"mode\":\"NULLABLE\",\"name\":\"to_account_id\",\"type\":\"INTEGER\"},{\"mode\":\"NULLABLE\",\"name\":\"bank_id\",\"type\":\"INTEGER\"},{\"mode\":\"REQUIRED\",\"name\":\"transaction_type\",\"type\":\"STRING\"},{\"mode\":\"REQUIRED\",\"name\":\"amount\",\"type\":\"NUMERIC\"},{\"mode\":\"NULLABLE\",\"name\":\"currency\",\"type\":\"STRING\"},{\"mode\":\"REQUIRED\",\"name\":\"status\",\"type\":\"STRING\"},{\"mode\":\"REQUIRED\",\"name\":\"created_at\",\"type\":\"TIMESTAMP\"}]",
            "self_link": "https://bigquery.googleapis.com/bigquery/v2/projects/banking-system-prod/datasets/banking_analytics/tables/transactions_stream",
            "table_constraints": [],
            "table_id": "transactions_stream",
            "table_replication_info": [],
            "terraform_labels": {},
            "time_partitioning": [
              {
                "expiration_ms": 0,
                "field": "created_at",
                "require_partition_filter": false,
                "type": "DAY"
              }
            ],
            "type": "TABLE",
            "view": []
          },
          "sensitive_attributes": [],
          "identity_schema_version": 0,
          "private": "bnVsbA==",
          "dependencies": [
            "module.bigquery.google_bigquery_dataset.banking_analytics"
          ]
        }
      ]
    },
    {
      "module": "module.cloud_run",
      "mode": "managed",
      "type": "google_cloud_run_v2_service",
      "name": "banking_api",
      "provider": "provider[\"registry.terraform.io/hashicorp/google\"]",
      "instances": [
        {
          "status": "tainted",
          "schema_version": 0,
          "attributes": {
            "annotations": null,
            "binary_authorization": [],
            "client": null,
            "client_version": null,
            "conditions": null,
            "create_time": null,
            "creator": null,
            "custom_audiences": null,
            "delete_time": null,
            "description": null,
            "effective_annotations": null,
            "effective_labels": null,
            "etag": null,
            "expire_time": null,
            "generation": null,
            "id": "projects/banking-system-prod/locations/us-west1/services/banking-api",
            "ingress": null,
            "labels": null,
            "last_modifier": null,
            "latest_created_revision": null,
            "latest_ready_revision": null,
            "launch_stage": null,
            "location": "us-west1",
            "name": "banking-api",
            "observed_generation": null,
            "project": "banking-system-prod",
            "reconciling": null,
            "template": [
              {
                "annotations": null,
                "containers": [
                  {
                    "args": null,
                    "command": null,
                    "depends_on": null,
                    "env": [
                      {
                        "name": "DB_HOST",
                        "value": "banking-system-prod:us-west1:banking-mysql",
                        "value_source": []
                      },
                      {
                        "name": "DB_USER",
                        "value": "banking_user",
                        "value_source": []
                      },
                      {
                        "name": "DB_NAME",
                        "value": "bank_db",
                        "value_source": []
                      },
                      {
                        "name": "ENV",
                        "value": "production",
                        "value_source": []
                      },
                      {
                        "name": "DB_PASSWORD",
                        "value": "",
                        "value_source": [
                          {
                            "secret_key_ref": [
                              {
                                "secret": "banking-db-password",
                                "version": "latest"
                              }
                            ]
                          }
                        ]
                      },
                      {
                        "name": "SECRET_KEY",
                        "value": "",
                        "value_source": [
                          {
                            "secret_key_ref": [
                              {
                                "secret": "banking-jwt-secret",
                                "version": "latest"
                              }
                            ]
                          }
                        ]
                      }
                    ],
                    "image": "us-west1-docker.pkg.dev/banking-system-prod/banking-repo/banking-api:latest",
                    "liveness_probe": [],
                    "name": "",
                    "ports": [
                      {
                        "container_port": 8080,
                        "name": ""
                      }
                    ],
                    "resources": [
                      {
                        "cpu_idle": false,
                        "limits": {
                          "cpu": "1",
                          "memory": "512Mi"
                        },
                        "startup_cpu_boost": false
                      }
                    ],
                    "startup_probe": [],
                    "volume_mounts": [],
                    "working_dir": ""
                  }
                ],
                "encryption_key": "",
                "execution_environment": "",
                "labels": null,
                "max_instance_request_concurrency": 0,
                "revision": "",
                "scaling": [
                  {
                    "max_instance_count": 5,
                    "min_instance_count": 0
                  }
                ],
                "service_account": "banking-api-sa@banking-system-prod.iam.gserviceaccount.com",
                "session_affinity": false,
                "timeout": "",
                "volumes": [],
                "vpc_access": []
              }
            ],
            "terminal_condition": null,
            "terraform_labels": null,
            "timeouts": null,
            "traffic": null,
            "traffic_statuses": null,
            "uid": null,
            "update_time": null,
            "uri": null
          },
          "sensitive_attributes": [],
          "identity_schema_version": 0,
          "private": "eyJlMmJmYjczMC1lY2FhLTExZTYtOGY4OC0zNDM2M2JjN2M0YzAiOnsiY3JlYXRlIjoxMjAwMDAwMDAwMDAwLCJkZWxldGUiOjEyMDAwMDAwMDAwMDAsInVwZGF0ZSI6MTIwMDAwMDAwMDAwMH19",
          "dependencies": [
            "module.cloud_sql.google_sql_database_instance.banking_db"
          ]
        }
      ]
    },
    {
      "module": "module.cloud_sql",
      "mode": "managed",
      "type": "google_sql_database",
      "name": "bank_db",
      "provider": "provider[\"registry.terraform.io/hashicorp/google\"]",
      "instances": [
        {
          "schema_version": 0,
          "attributes": {
            "charset": "utf8mb4",
            "collation": "utf8mb4_0900_ai_ci",
            "deletion_policy": "DELETE",
            "id": "projects/banking-system-prod/instances/banking-mysql/databases/bank_db",
            "instance": "banking-mysql",
            "name": "bank_db",
            "project": "banking-system-prod",
            "self_link": "https://sqladmin.googleapis.com/sql/v1beta4/projects/banking-system-prod/instances/banking-mysql/databases/bank_db",
            "timeouts": null
          },
          "sensitive_attributes": [],
          "identity_schema_version": 0,
          "private": "eyJlMmJmYjczMC1lY2FhLTExZTYtOGY4OC0zNDM2M2JjN2M0YzAiOnsiY3JlYXRlIjoxMjAwMDAwMDAwMDAwLCJkZWxldGUiOjEyMDAwMDAwMDAwMDAsInVwZGF0ZSI6MTIwMDAwMDAwMDAwMH19",
          "dependencies": [
            "module.cloud_sql.google_sql_database_instance.banking_db"
          ]
        }
      ]
    },
    {
      "module": "module.cloud_sql",
      "mode": "managed",
      "type": "google_sql_database_instance",
      "name": "banking_db",
      "provider": "provider[\"registry.terraform.io/hashicorp/google\"]",
      "instances": [
        {
          "schema_version": 0,
          "attributes": {
            "available_maintenance_versions": [],
            "clone": [],
            "connection_name": "banking-system-prod:us-west1:banking-mysql",
            "database_version": "MYSQL_8_0",
            "deletion_protection": false,
            "dns_name": "",
            "encryption_key_name": null,
            "first_ip_address": "136.109.35.69",
            "id": "banking-mysql",
            "instance_type": "CLOUD_SQL_INSTANCE",
            "ip_address": [
              {
                "ip_address": "136.109.35.69",
                "time_to_retire": "",
                "type": "PRIMARY"
              }
            ],
            "maintenance_version": "MYSQL_8_0_43.R20260117.02_06",
            "master_instance_name": "",
            "name": "banking-mysql",
            "private_ip_address": "",
            "project": "banking-system-prod",
            "psc_service_attachment_link": "",
            "public_ip_address": "136.109.35.69",
            "region": "us-west1",
            "replica_configuration": [],
            "restore_backup_context": [],
            "root_password": null,
            "self_link": "https://sqladmin.googleapis.com/sql/v1beta4/projects/banking-system-prod/instances/banking-mysql",
            "server_ca_cert": [
              {
                "cert": "-----BEGIN CERTIFICATE-----\nMIIDfzCCAmegAwIBAgIBADANBgkqhkiG9w0BAQsFADB3MS0wKwYDVQQuEyQ0MWU4\nN2ViNS1lNGNhLTQ0ZjEtOTYyYS0yOTFiZmMwMDRjYTkxIzAhBgNVBAMTGkdvb2ds\nZSBDbG91ZCBTUUwgU2VydmVyIENBMRQwEgYDVQQKEwtHb29nbGUsIEluYzELMAkG\nA1UEBhMCVVMwHhcNMjYwMzEyMDEwMTU3WhcNMzYwMzA5MDEwMjU3WjB3MS0wKwYD\nVQQuEyQ0MWU4N2ViNS1lNGNhLTQ0ZjEtOTYyYS0yOTFiZmMwMDRjYTkxIzAhBgNV\nBAMTGkdvb2dsZSBDbG91ZCBTUUwgU2VydmVyIENBMRQwEgYDVQQKEwtHb29nbGUs\nIEluYzELMAkGA1UEBhMCVVMwggEiMA0GCSqGSIb3DQEBAQUAA4IBDwAwggEKAoIB\nAQC4fbt48cJulBNrxRfj4/KFZ8yAP5jkRMNm4Pk2GkK9luecEH4nSg1/Xe+gwarK\nTOS/jRVgb+vSvsKbudgKIvlnB1UW6MEVzvnZGPk2MzZSWiAa7IqCkP9ZBycYB4fO\ny9B9GDe+GPbmdnwxG6y8zn8ij6vYqFRjkORlOWMhtj3d7IfBPQ7Ae/OTO+Hl8oiT\nSRK6F60PErcNyhAFQ11MOthKhwYbAI0D5gNg5S7BHUd2ZffkadbKT7n9Bk3iYcTZ\n8aycP7ZnDQAZae51IasqT0Z0N9kLlUsEQLggc2E067cGAmNnDOazMbhJQnVB0weM\nLMviZ8E7srrPAZHrmW/eVgilAgMBAAGjFjAUMBIGA1UdEwEB/wQIMAYBAf8CAQAw\nDQYJKoZIhvcNAQELBQADggEBAAByrLm5y23ZmLkbb8zRMTuHZJjpPKsJY6EXhB6Q\nTPr5ULd2xCvGn0b+/exRxZXDw+wonQBXmV754D/bpeHt73FRD0814SYytapfEpeA\nNqQ0lSFBN/CAL3VZirm7c0Il7b7xP5bNsOHeKRD8ya9RDMkokd096jemsD/CkIRn\nqdDNj6ATulOSniCKbMx0tJQDhNYFetXYvHh6W9X22bTY4EYf1ATqzUBQL8E/7Qn7\nqNrMS2vFAfm8lAL6O8jipcJpKWbo4L1nzyxMLfK54rIyXYo75b+da3l3ySncrjBI\ni2GfwMOkh+m3rV1nDnBRTVuHRGd9NT2E+rzN2Q1kP5uzPww=\n-----END CERTIFICATE-----",
                "common_name": "C=US,O=Google\\, Inc,CN=Google Cloud SQL Server CA,dnQualifier=41e87eb5-e4ca-44f1-962a-291bfc004ca9",
                "create_time": "2026-03-12T01:01:57.353Z",
                "expiration_time": "2036-03-09T01:02:57.353Z",
                "sha1_fingerprint": "e8f6dbb7bb13799a82bf0c9fc4b3e6801b28f10c"
              }
            ],
            "service_account_email_address": "p336504316457-wj1tvd@gcp-sa-cloud-sql.iam.gserviceaccount.com",
            "settings": [
              {
                "activation_policy": "ALWAYS",
                "active_directory_config": [],
                "advanced_machine_features": [],
                "availability_type": "ZONAL",
                "backup_configuration": [
                  {
                    "backup_retention_settings": [
                      {
                        "retained_backups": 7,
                        "retention_unit": "COUNT"
                      }
                    ],
                    "binary_log_enabled": true,
                    "enabled": true,
                    "location": "",
                    "point_in_time_recovery_enabled": false,
                    "start_time": "02:00",
                    "transaction_log_retention_days": 7
                  }
                ],
                "collation": "",
                "connector_enforcement": "NOT_REQUIRED",
                "data_cache_config": [],
                "database_flags": [],
                "deletion_protection_enabled": false,
                "deny_maintenance_period": [],
                "disk_autoresize": true,
                "disk_autoresize_limit": 0,
                "disk_size": 10,
                "disk_type": "PD_SSD",
                "edition": "ENTERPRISE",
                "enable_dataplex_integration": false,
                "enable_google_ml_integration": false,
                "insights_config": [],
                "ip_configuration": [
                  {
                    "allocated_ip_range": "",
                    "authorized_networks": [
                      {
                        "expiration_time": "",
                        "name": "allow-all-temp",
                        "value": "0.0.0.0/0"
                      }
                    ],
                    "enable_private_path_for_google_cloud_services": false,
                    "ipv4_enabled": true,
                    "private_network": "",
                    "psc_config": [],
                    "require_ssl": false,
                    "server_ca_mode": "GOOGLE_MANAGED_INTERNAL_CA",
                    "ssl_mode": ""
                  }
                ],
                "location_preference": [
                  {
                    "follow_gae_application": "",
                    "secondary_zone": "",
                    "zone": "us-west1-b"
                  }
                ],
                "maintenance_window": [],
                "password_validation_policy": [],
                "pricing_plan": "PER_USE",
                "sql_server_audit_config": [],
                "tier": "db-f1-micro",
                "time_zone": "",
                "user_labels": {},
                "version": 2
              }
            ],
            "timeouts": null
          },
          "sensitive_attributes": [
            [
              {
                "type": "get_attr",
                "value": "root_password"
              }
            ],
            [
              {
                "type": "get_attr",
                "value": "server_ca_cert"
              }
            ]
          ],
          "identity_schema_version": 0,
          "private": "eyJlMmJmYjczMC1lY2FhLTExZTYtOGY4OC0zNDM2M2JjN2M0YzAiOnsiY3JlYXRlIjo1NDAwMDAwMDAwMDAwLCJkZWxldGUiOjU0MDAwMDAwMDAwMDAsInVwZGF0ZSI6NTQwMDAwMDAwMDAwMH19"
        }
      ]
    },
    {
      "module": "module.cloud_sql",
      "mode": "managed",
      "type": "google_sql_user",
      "name": "db_user",
      "provider": "provider[\"registry.terraform.io/hashicorp/google\"]",
      "instances": [
        {
          "schema_version": 1,
          "attributes": {
            "deletion_policy": null,
            "host": "",
            "id": "banking_user//banking-mysql",
            "instance": "banking-mysql",
            "name": "banking_user",
            "password": "Banking@Secure$423",
            "password_policy": [],
            "project": "banking-system-prod",
            "sql_server_user_details": [],
            "timeouts": null,
            "type": ""
          },
          "sensitive_attributes": [
            [
              {
                "type": "get_attr",
                "value": "password"
              }
            ]
          ],
          "identity_schema_version": 0,
          "private": "eyJlMmJmYjczMC1lY2FhLTExZTYtOGY4OC0zNDM2M2JjN2M0YzAiOnsiY3JlYXRlIjo2MDAwMDAwMDAwMDAsImRlbGV0ZSI6NjAwMDAwMDAwMDAwLCJ1cGRhdGUiOjYwMDAwMDAwMDAwMH0sInNjaGVtYV92ZXJzaW9uIjoiMSJ9",
          "dependencies": [
            "module.cloud_sql.google_sql_database_instance.banking_db"
          ]
        }
      ]
    },
    {
      "module": "module.pubsub",
      "mode": "managed",
      "type": "google_pubsub_subscription",
      "name": "dataflow_sub",
      "provider": "provider[\"registry.terraform.io/hashicorp/google\"]",
      "instances": [
        {
          "schema_version": 0,
          "attributes": {
            "ack_deadline_seconds": 60,
            "bigquery_config": [],
            "cloud_storage_config": [],
            "dead_letter_policy": [],
            "effective_labels": {},
            "enable_exactly_once_delivery": false,
            "enable_message_ordering": false,
            "expiration_policy": [
              {
                "ttl": "2678400s"
              }
            ],
            "filter": "",
            "id": "projects/banking-system-prod/subscriptions/transaction-dataflow-sub",
            "labels": {},
            "message_retention_duration": "604800s",
            "name": "transaction-dataflow-sub",
            "project": "banking-system-prod",
            "push_config": [],
            "retain_acked_messages": false,
            "retry_policy": [],
            "terraform_labels": {},
            "timeouts": null,
            "topic": "projects/banking-system-prod/topics/transaction-events"
          },
          "sensitive_attributes": [],
          "identity_schema_version": 0,
          "private": "eyJlMmJmYjczMC1lY2FhLTExZTYtOGY4OC0zNDM2M2JjN2M0YzAiOnsiY3JlYXRlIjoxMjAwMDAwMDAwMDAwLCJkZWxldGUiOjEyMDAwMDAwMDAwMDAsInVwZGF0ZSI6MTIwMDAwMDAwMDAwMH19",
          "dependencies": [
            "module.pubsub.google_pubsub_topic.transaction_events"
          ]
        }
      ]
    },
    {
      "module": "module.pubsub",
      "mode": "managed",
      "type": "google_pubsub_subscription",
      "name": "transaction_sub",
      "provider": "provider[\"registry.terraform.io/hashicorp/google\"]",
      "instances": [
        {
          "schema_version": 0,
          "attributes": {
            "ack_deadline_seconds": 60,
            "bigquery_config": [],
            "cloud_storage_config": [],
            "dead_letter_policy": [],
            "effective_labels": {},
            "enable_exactly_once_delivery": false,
            "enable_message_ordering": false,
            "expiration_policy": [
              {
                "ttl": "2678400s"
              }
            ],
            "filter": "",
            "id": "projects/banking-system-prod/subscriptions/transaction-events-sub",
            "labels": {},
            "message_retention_duration": "604800s",
            "name": "transaction-events-sub",
            "project": "banking-system-prod",
            "push_config": [],
            "retain_acked_messages": false,
            "retry_policy": [],
            "terraform_labels": {},
            "timeouts": null,
            "topic": "projects/banking-system-prod/topics/transaction-events"
          },
          "sensitive_attributes": [],
          "identity_schema_version": 0,
          "private": "eyJlMmJmYjczMC1lY2FhLTExZTYtOGY4OC0zNDM2M2JjN2M0YzAiOnsiY3JlYXRlIjoxMjAwMDAwMDAwMDAwLCJkZWxldGUiOjEyMDAwMDAwMDAwMDAsInVwZGF0ZSI6MTIwMDAwMDAwMDAwMH19",
          "dependencies": [
            "module.pubsub.google_pubsub_topic.transaction_events"
          ]
        }
      ]
    },
    {
      "module": "module.pubsub",
      "mode": "managed",
      "type": "google_pubsub_topic",
      "name": "audit_events",
      "provider": "provider[\"registry.terraform.io/hashicorp/google\"]",
      "instances": [
        {
          "schema_version": 0,
          "attributes": {
            "effective_labels": {},
            "id": "projects/banking-system-prod/topics/audit-events",
            "ingestion_data_source_settings": [],
            "kms_key_name": "",
            "labels": {},
            "message_retention_duration": "",
            "message_storage_policy": [],
            "name": "audit-events",
            "project": "banking-system-prod",
            "schema_settings": [],
            "terraform_labels": {},
            "timeouts": null
          },
          "sensitive_attributes": [],
          "identity_schema_version": 0,
          "private": "eyJlMmJmYjczMC1lY2FhLTExZTYtOGY4OC0zNDM2M2JjN2M0YzAiOnsiY3JlYXRlIjoxMjAwMDAwMDAwMDAwLCJkZWxldGUiOjEyMDAwMDAwMDAwMDAsInVwZGF0ZSI6MTIwMDAwMDAwMDAwMH19"
        }
      ]
    },
    {
      "module": "module.pubsub",
      "mode": "managed",
      "type": "google_pubsub_topic",
      "name": "notification_events",
      "provider": "provider[\"registry.terraform.io/hashicorp/google\"]",
      "instances": [
        {
          "schema_version": 0,
          "attributes": {
            "effective_labels": {},
            "id": "projects/banking-system-prod/topics/notification-events",
            "ingestion_data_source_settings": [],
            "kms_key_name": "",
            "labels": {},
            "message_retention_duration": "",
            "message_storage_policy": [],
            "name": "notification-events",
            "project": "banking-system-prod",
            "schema_settings": [],
            "terraform_labels": {},
            "timeouts": null
          },
          "sensitive_attributes": [],
          "identity_schema_version": 0,
          "private": "eyJlMmJmYjczMC1lY2FhLTExZTYtOGY4OC0zNDM2M2JjN2M0YzAiOnsiY3JlYXRlIjoxMjAwMDAwMDAwMDAwLCJkZWxldGUiOjEyMDAwMDAwMDAwMDAsInVwZGF0ZSI6MTIwMDAwMDAwMDAwMH19"
        }
      ]
    },
    {
      "module": "module.pubsub",
      "mode": "managed",
      "type": "google_pubsub_topic",
      "name": "transaction_events",
      "provider": "provider[\"registry.terraform.io/hashicorp/google\"]",
      "instances": [
        {
          "schema_version": 0,
          "attributes": {
            "effective_labels": {},
            "id": "projects/banking-system-prod/topics/transaction-events",
            "ingestion_data_source_settings": [],
            "kms_key_name": "",
            "labels": {},
            "message_retention_duration": "",
            "message_storage_policy": [],
            "name": "transaction-events",
            "project": "banking-system-prod",
            "schema_settings": [],
            "terraform_labels": {},
            "timeouts": null
          },
          "sensitive_attributes": [],
          "identity_schema_version": 0,
          "private": "eyJlMmJmYjczMC1lY2FhLTExZTYtOGY4OC0zNDM2M2JjN2M0YzAiOnsiY3JlYXRlIjoxMjAwMDAwMDAwMDAwLCJkZWxldGUiOjEyMDAwMDAwMDAwMDAsInVwZGF0ZSI6MTIwMDAwMDAwMDAwMH19"
        }
      ]
    },
    {
      "module": "module.storage",
      "mode": "managed",
      "type": "google_storage_bucket",
      "name": "banking_cdn",
      "provider": "provider[\"registry.terraform.io/hashicorp/google\"]",
      "instances": [
        {
          "schema_version": 2,
          "attributes": {
            "autoclass": [],
            "cors": [],
            "custom_placement_config": [],
            "default_event_based_hold": false,
            "effective_labels": {},
            "enable_object_retention": false,
            "encryption": [],
            "force_destroy": true,
            "id": "banking-cdn-banking-system-prod",
            "labels": {},
            "lifecycle_rule": [],
            "location": "US-WEST1",
            "logging": [],
            "name": "banking-cdn-banking-system-prod",
            "project": "banking-system-prod",
            "project_number": 336504316457,
            "public_access_prevention": "inherited",
            "requester_pays": false,
            "retention_policy": [],
            "rpo": null,
            "self_link": "https://www.googleapis.com/storage/v1/b/banking-cdn-banking-system-prod",
            "soft_delete_policy": [
              {
                "effective_time": "2026-03-12T01:01:11.989Z",
                "retention_duration_seconds": 604800
              }
            ],
            "storage_class": "STANDARD",
            "terraform_labels": {},
            "timeouts": null,
            "uniform_bucket_level_access": false,
            "url": "gs://banking-cdn-banking-system-prod",
            "versioning": [],
            "website": [
              {
                "main_page_suffix": "index.html",
                "not_found_page": "404.html"
              }
            ]
          },
          "sensitive_attributes": [],
          "identity_schema_version": 0,
          "private": "eyJlMmJmYjczMC1lY2FhLTExZTYtOGY4OC0zNDM2M2JjN2M0YzAiOnsiY3JlYXRlIjo2MDAwMDAwMDAwMDAsInJlYWQiOjI0MDAwMDAwMDAwMCwidXBkYXRlIjoyNDAwMDAwMDAwMDB9LCJzY2hlbWFfdmVyc2lvbiI6IjIifQ=="
        }
      ]
    },
    {
      "module": "module.storage",
      "mode": "managed",
      "type": "google_storage_bucket",
      "name": "banking_logs",
      "provider": "provider[\"registry.terraform.io/hashicorp/google\"]",
      "instances": [
        {
          "schema_version": 2,
          "attributes": {
            "autoclass": [],
            "cors": [],
            "custom_placement_config": [],
            "default_event_based_hold": false,
            "effective_labels": {},
            "enable_object_retention": false,
            "encryption": [],
            "force_destroy": true,
            "id": "banking-logs-banking-system-prod",
            "labels": {},
            "lifecycle_rule": [
              {
                "action": [
                  {
                    "storage_class": "",
                    "type": "Delete"
                  }
                ],
                "condition": [
                  {
                    "age": 90,
                    "created_before": "",
                    "custom_time_before": "",
                    "days_since_custom_time": 0,
                    "days_since_noncurrent_time": 0,
                    "matches_prefix": [],
                    "matches_storage_class": [],
                    "matches_suffix": [],
                    "no_age": false,
                    "noncurrent_time_before": "",
                    "num_newer_versions": 0,
                    "send_age_if_zero": true,
                    "send_days_since_custom_time_if_zero": false,
                    "send_days_since_noncurrent_time_if_zero": false,
                    "send_num_newer_versions_if_zero": false,
                    "with_state": "ANY"
                  }
                ]
              }
            ],
            "location": "US-WEST1",
            "logging": [],
            "name": "banking-logs-banking-system-prod",
            "project": "banking-system-prod",
            "project_number": 336504316457,
            "public_access_prevention": "inherited",
            "requester_pays": false,
            "retention_policy": [],
            "rpo": null,
            "self_link": "https://www.googleapis.com/storage/v1/b/banking-logs-banking-system-prod",
            "soft_delete_policy": [
              {
                "effective_time": "2026-03-12T01:01:11.969Z",
                "retention_duration_seconds": 604800
              }
            ],
            "storage_class": "STANDARD",
            "terraform_labels": {},
            "timeouts": null,
            "uniform_bucket_level_access": true,
            "url": "gs://banking-logs-banking-system-prod",
            "versioning": [],
            "website": []
          },
          "sensitive_attributes": [],
          "identity_schema_version": 0,
          "private": "eyJlMmJmYjczMC1lY2FhLTExZTYtOGY4OC0zNDM2M2JjN2M0YzAiOnsiY3JlYXRlIjo2MDAwMDAwMDAwMDAsInJlYWQiOjI0MDAwMDAwMDAwMCwidXBkYXRlIjoyNDAwMDAwMDAwMDB9LCJzY2hlbWFfdmVyc2lvbiI6IjIifQ=="
        }
      ]
    },
    {
      "module": "module.storage",
      "mode": "managed",
      "type": "google_storage_bucket_iam_member",
      "name": "cdn_public",
      "provider": "provider[\"registry.terraform.io/hashicorp/google\"]",
      "instances": [
        {
          "schema_version": 0,
          "attributes": {
            "bucket": "b/banking-cdn-banking-system-prod",
            "condition": [],
            "etag": "CAI=",
            "id": "b/banking-cdn-banking-system-prod/roles/storage.objectViewer/allUsers",
            "member": "allUsers",
            "role": "roles/storage.objectViewer"
          },
          "sensitive_attributes": [],
          "identity_schema_version": 0,
          "private": "bnVsbA==",
          "dependencies": [
            "module.storage.google_storage_bucket.banking_cdn"
          ]
        }
      ]
    },
    {
      "module": "module.vm",
      "mode": "managed",
      "type": "google_compute_firewall",
      "name": "allow_http",
      "provider": "provider[\"registry.terraform.io/hashicorp/google\"]",
      "instances": [
        {
          "schema_version": 1,
          "attributes": {
            "allow": [
              {
                "ports": [
                  "80",
                  "443"
                ],
                "protocol": "tcp"
              }
            ],
            "creation_timestamp": "2026-03-11T18:01:11.034-07:00",
            "deny": [],
            "description": "",
            "destination_ranges": [],
            "direction": "INGRESS",
            "disabled": false,
            "enable_logging": null,
            "id": "projects/banking-system-prod/global/firewalls/banking-allow-http",
            "log_config": [],
            "name": "banking-allow-http",
            "network": "https://www.googleapis.com/compute/v1/projects/banking-system-prod/global/networks/default",
            "priority": 1000,
            "project": "banking-system-prod",
            "self_link": "https://www.googleapis.com/compute/v1/projects/banking-system-prod/global/firewalls/banking-allow-http",
            "source_ranges": [
              "0.0.0.0/0"
            ],
            "source_service_accounts": [],
            "source_tags": [],
            "target_service_accounts": [],
            "target_tags": [
              "http-server",
              "https-server"
            ],
            "timeouts": null
          },
          "sensitive_attributes": [],
          "identity_schema_version": 0,
          "private": "eyJlMmJmYjczMC1lY2FhLTExZTYtOGY4OC0zNDM2M2JjN2M0YzAiOnsiY3JlYXRlIjoxMjAwMDAwMDAwMDAwLCJkZWxldGUiOjEyMDAwMDAwMDAwMDAsInVwZGF0ZSI6MTIwMDAwMDAwMDAwMH0sInNjaGVtYV92ZXJzaW9uIjoiMSJ9"
        }
      ]
    },
    {
      "module": "module.vm",
      "mode": "managed",
      "type": "google_compute_instance",
      "name": "frontend_vm",
      "provider": "provider[\"registry.terraform.io/hashicorp/google\"]",
      "instances": [
        {
          "schema_version": 6,
          "attributes": {
            "advanced_machine_features": [],
            "allow_stopping_for_update": null,
            "attached_disk": [],
            "boot_disk": [
              {
                "auto_delete": true,
                "device_name": "persistent-disk-0",
                "disk_encryption_key_raw": "",
                "disk_encryption_key_sha256": "",
                "initialize_params": [
                  {
                    "enable_confidential_compute": false,
                    "image": "https://www.googleapis.com/compute/v1/projects/debian-cloud/global/images/debian-11-bullseye-v20260310",
                    "labels": {},
                    "provisioned_iops": 0,
                    "provisioned_throughput": 0,
                    "resource_manager_tags": {},
                    "size": 20,
                    "storage_pool": "",
                    "type": "pd-standard"
                  }
                ],
                "kms_key_self_link": "",
                "mode": "READ_WRITE",
                "source": "https://www.googleapis.com/compute/v1/projects/banking-system-prod/zones/us-west1-a/disks/banking-frontend-vm"
              }
            ],
            "can_ip_forward": false,
            "confidential_instance_config": [],
            "cpu_platform": "Intel Broadwell",
            "current_status": "RUNNING",
            "deletion_protection": false,
            "description": "",
            "desired_status": null,
            "effective_labels": {},
            "enable_display": false,
            "guest_accelerator": [],
            "hostname": "",
            "id": "projects/banking-system-prod/zones/us-west1-a/instances/banking-frontend-vm",
            "instance_id": "457233408131575477",
            "label_fingerprint": "42WmSpB8rSM=",
            "labels": {},
            "machine_type": "e2-micro",
            "metadata": {},
            "metadata_fingerprint": "ukZV_Qv-gs0=",
            "metadata_startup_script": "#!/bin/bash\napt-get update -y\napt-get install -y nginx\nsystemctl enable nginx\nsystemctl start nginx\n",
            "min_cpu_platform": "",
            "name": "banking-frontend-vm",
            "network_interface": [
              {
                "access_config": [
                  {
                    "nat_ip": "34.182.100.228",
                    "network_tier": "PREMIUM",
                    "public_ptr_domain_name": ""
                  }
                ],
                "alias_ip_range": [],
                "internal_ipv6_prefix_length": 0,
                "ipv6_access_config": [],
                "ipv6_access_type": "",
                "ipv6_address": "",
                "name": "nic0",
                "network": "https://www.googleapis.com/compute/v1/projects/banking-system-prod/global/networks/default",
                "network_ip": "10.138.0.2",
                "nic_type": "",
                "queue_count": 0,
                "stack_type": "IPV4_ONLY",
                "subnetwork": "https://www.googleapis.com/compute/v1/projects/banking-system-prod/regions/us-west1/subnetworks/default",
                "subnetwork_project": "banking-system-prod"
              }
            ],
            "network_performance_config": [],
            "params": [],
            "project": "banking-system-prod",
            "reservation_affinity": [],
            "resource_policies": [],
            "scheduling": [
              {
                "automatic_restart": true,
                "instance_termination_action": "",
                "local_ssd_recovery_timeout": [],
                "max_run_duration": [],
                "min_node_cpus": 0,
                "node_affinities": [],
                "on_host_maintenance": "MIGRATE",
                "on_instance_stop_action": [],
                "preemptible": false,
                "provisioning_model": "STANDARD"
              }
            ],
            "scratch_disk": [],
            "self_link": "https://www.googleapis.com/compute/v1/projects/banking-system-prod/zones/us-west1-a/instances/banking-frontend-vm",
            "service_account": [],
            "shielded_instance_config": [
              {
                "enable_integrity_monitoring": true,
                "enable_secure_boot": false,
                "enable_vtpm": true
              }
            ],
            "tags": [
              "http-server",
              "https-server"
            ],
            "tags_fingerprint": "6smc4R4d39I=",
            "terraform_labels": {},
            "timeouts": null,
            "zone": "us-west1-a"
          },
          "sensitive_attributes": [
            [
              {
                "type": "get_attr",
                "value": "boot_disk"
              },
              {
                "type": "index",
                "value": {
                  "value": 0,
                  "type": "number"
                }
              },
              {
                "type": "get_attr",
                "value": "disk_encryption_key_raw"
              }
            ]
          ],
          "identity_schema_version": 0,
          "private": "eyJlMmJmYjczMC1lY2FhLTExZTYtOGY4OC0zNDM2M2JjN2M0YzAiOnsiY3JlYXRlIjoxMjAwMDAwMDAwMDAwLCJkZWxldGUiOjEyMDAwMDAwMDAwMDAsInVwZGF0ZSI6MTIwMDAwMDAwMDAwMH0sInNjaGVtYV92ZXJzaW9uIjoiNiJ9"
        }
      ]
    }
  ],
  "check_results": null
}
